SPDX-License-Identifier: CC-BY-SA-4.0 OR BSD-2-Clause
copyrights:
- Copyright (C) 2026 Arno
enabled-by: true
functional-type: action
links:
- role: interface-function
  uid: ../if/pthread-spin-unlock
post-conditions:
- name: Status
  states:
  - name: Zero
    test-code: |
      T_eq_int( ctx->status, 0 );
    text: |
      The return value of ${../if/pthread-spin-unlock:/name} shall be equal to zero.
  test-epilogue: null
  test-prologue: null
pre-conditions:
- name: Lock
  states:
  - name: Init
    test-code: |
      pthread_spin_init( &ctx->lock_obj, 0 );
      ctx->lock = &ctx->lock_obj;
      T_eq_int( pthread_spin_lock( &ctx->lock_obj ), 0 );
    text: |
      While the object referenced by the ``lock`` parameter is an
      initialized spinlock.
  test-epilogue: null
  test-prologue: null
rationale: null
references: []
requirement-type: functional
skip-reasons: {}
test-action: |
  ctx->status = pthread_spin_unlock( ctx->lock );
test-brief: null
test-cleanup: |
  (void) pthread_spin_destroy( &ctx->lock_obj );
test-context:
- brief: |
    This member provides the spinlock object.
  description: null
  member: |
    pthread_spinlock_t lock_obj
- brief: |
    This member specifies the ``lock`` parameter.
  description: null
  member: |
    pthread_spinlock_t *lock
- brief: |
    This member contains the return value of the ${../if/pthread-spin-unlock:/name} call.
  description: null
  member: |
    int status
test-context-support: null
test-description: null
test-header: null
test-includes:
- pthread.h
- errno.h
test-local-includes:
- tx-support.h
test-prepare: null
test-setup: null
test-stop: null
test-support: null
test-target: testsuites/validation/tc-pthread-spin-unlock.c
test-teardown: null
text: ${.:text-template}
transition-map:
- enabled-by: true
  post-conditions:
    Status: Zero
  pre-conditions:
    Lock:
    - Init
type: requirement
